
Microsoft Visual Studio Solution File, Format Version 12.00
# Visual Studio 15
VisualStudioVersion = 15.0.27130.2020
MinimumVisualStudioVersion = 10.0.40219.1
Project("{FAE04EC0-301F-11D3-BF4B-00C04F79EFBC}") = "dmake", "dmake\dmake.csproj", "{344E343E-26FF-4196-87B1-774C29B601BB}"
EndProject
Global
	GlobalSection(SolutionConfigurationPlatforms) = preSolution
		Debug|Any CPU = Debug|Any CPU
		Debug|x64 = Debug|x64
		Debug|x86 = Debug|x86
		Release|Any CPU = Release|Any CPU
		Release|x64 = Release|x64
		Release|x86 = Release|x86
	EndGlobalSection
	GlobalSection(ProjectConfigurationPlatforms) = postSolution
		{344E343E-26FF-4196-87B1-774C29B601BB}.Debug|Any CPU.ActiveCfg = Debug|Any CPU
		{344E343E-26FF-4196-87B1-774C29B601BB}.Debug|Any CPU.Build.0 = Debug|Any CPU
		{344E343E-26FF-4196-87B1-774C29B601BB}.Debug|x64.ActiveCfg = Debug|x64
		{344E343E-26FF-4196-87B1-774C29B601BB}.Debug|x64.Build.0 = Debug|x64
		{344E343E-26FF-4196-87B1-774C29B601BB}.Debug|x86.ActiveCfg = Debug|Any CPU
		{344E343E-26FF-4196-87B1-774C29B601BB}.Debug|x86.Build.0 = Debug|Any CPU
		{344E343E-26FF-4196-87B1-774C29B601BB}.Release|Any CPU.ActiveCfg = Release|Any CPU
		{344E343E-26FF-4196-87B1-774C29B601BB}.Release|Any CPU.Build.0 = Release|Any CPU
		{344E343E-26FF-4196-87B1-774C29B601BB}.Release|x64.ActiveCfg = Release|Any CPU
		{344E343E-26FF-4196-87B1-774C29B601BB}.Release|x64.Build.0 = Release|Any CPU
		{344E343E-26FF-4196-87B1-774C29B601BB}.Release|x86.ActiveCfg = Release|Any CPU
		{344E343E-26FF-4196-87B1-774C29B601BB}.Release|x86.Build.0 = Release|Any CPU
	EndGlobalSection
	GlobalSection(SolutionProperties) = preSolution
		HideSolutionNode = FALSE
	EndGlobalSection
	GlobalSection(ExtensibilityGlobals) = postSolution
		SolutionGuid = {45B29788-FC10-4256-B49E-DE9E200D707F}
	EndGlobalSection
EndGlobal
